
Microsoft Visual Studio Solution File, Format Version 12.00
# Visual Studio Version 17
VisualStudioVersion = 17.3.32825.248
MinimumVisualStudioVersion = 10.0.40219.1
Project("{FAE04EC0-301F-11D3-BF4B-00C04F79EFBC}") = "usingLambdaOnMethods", "usingLambdaOnMethods\usingLambdaOnMethods.csproj", "{934071C6-BA63-4909-90B0-36F2687DDD9B}"
EndProject
Global
	GlobalSection(SolutionConfigurationPlatforms) = preSolution
		Debug|Any CPU = Debug|Any CPU
		Release|Any CPU = Release|Any CPU
	EndGlobalSection
	GlobalSection(ProjectConfigurationPlatforms) = postSolution
		{934071C6-BA63-4909-90B0-36F2687DDD9B}.Debug|Any CPU.ActiveCfg = Debug|Any CPU
		{934071C6-BA63-4909-90B0-36F2687DDD9B}.Debug|Any CPU.Build.0 = Debug|Any CPU
		{934071C6-BA63-4909-90B0-36F2687DDD9B}.Release|Any CPU.ActiveCfg = Release|Any CPU
		{934071C6-BA63-4909-90B0-36F2687DDD9B}.Release|Any CPU.Build.0 = Release|Any CPU
	EndGlobalSection
	GlobalSection(SolutionProperties) = preSolution
		HideSolutionNode = FALSE
	EndGlobalSection
	GlobalSection(ExtensibilityGlobals) = postSolution
		SolutionGuid = {AB0D7594-2247-4C9D-84A4-BA747C23B70A}
	EndGlobalSection
EndGlobal
